// !$*UTF8*$!
{
	archiveVersion = 1;
	classes = {
	};
	objectVersion = 50;
	objects = {

/* Begin PBXBuildFile section */
		CEFBDED121500DE70073DDC3 /* AppDelegate.swift in Sources */ = {isa = PBXBuildFile; fileRef = CEFBDED021500DE70073DDC3 /* AppDelegate.swift */; };
		CEFBDED321500DE70073DDC3 /* ViewController.swift in Sources */ = {isa = PBXBuildFile; fileRef = CEFBDED221500DE70073DDC3 /* ViewController.swift */; };
		CEFBDED621500DE70073DDC3 /* Main.storyboard in Resources */ = {isa = PBXBuildFile; fileRef = CEFBDED421500DE70073DDC3 /* Main.storyboard */; };
		CEFBDED821500DE90073DDC3 /* Assets.xcassets in Resources */ = {isa = PBXBuildFile; fileRef = CEFBDED721500DE90073DDC3 /* Assets.xcassets */; };
		CEFBDEDB21500DE90073DDC3 /* LaunchScreen.storyboard in Resources */ = {isa = PBXBuildFile; fileRef = CEFBDED921500DE90073DDC3 /* LaunchScreen.storyboard */; };
		CEFBDEE621500DE90073DDC3 /* HelloWorldTests.swift in Sources */ = {isa = PBXBuildFile; fileRef = CEFBDEE521500DE90073DDC3 /* HelloWorldTests.swift */; };
		CEFBDEF121500DE90073DDC3 /* HelloWorldUITests.swift in Sources */ = {isa = PBXBuildFile; fileRef = CEFBDEF021500DE90073DDC3 /* HelloWorldUITests.swift */; };
/* End PBXBuildFile section */

/* Begin PBXContainerItemProxy section */
		CEFBDEE221500DE90073DDC3 /* PBXContainerItemProxy */ = {
			isa = PBXContainerItemProxy;
			containerPortal = CEFBDEC521500DE70073DDC3 /* Project object */;
			proxyType = 1;
			remoteGlobalIDString = CEFBDECC21500DE70073DDC3;
			remoteInfo = HelloWorld;
		};
		CEFBDEED21500DE90073DDC3 /* PBXContainerItemProxy */ = {
			isa = PBXContainerItemProxy;
			containerPortal = CEFBDEC521500DE70073DDC3 /* Project object */;
			proxyType = 1;
			remoteGlobalIDString = CEFBDECC21500DE70073DDC3;
			remoteInfo = HelloWorld;
		};
/* End PBXContainerItemProxy section */

/* Begin PBXFileReference section */
		CEFBDECD21500DE70073DDC3 /* HelloWorld.app */ = {isa = PBXFileReference; explicitFileType = wrapper.application; includeInIndex = 0; path = HelloWorld.app; sourceTree = BUILT_PRODUCTS_DIR; };
		CEFBDED021500DE70073DDC3 /* AppDelegate.swift */ = {isa = PBXFileReference; lastKnownFileType = sourcecode.swift; path = AppDelegate.swift; sourceTree = "<group>"; };
		CEFBDED221500DE70073DDC3 /* ViewController.swift */ = {isa = PBXFileReference; lastKnownFileType = sourcecode.swift; path = ViewController.swift; sourceTree = "<group>"; };
		CEFBDED521500DE70073DDC3 /* Base */ = {isa = PBXFileReference; lastKnownFileType = file.storyboard; name = Base; path = Base.lproj/Main.storyboard; sourceTree = "<group>"; };
		CEFBDED721500DE90073DDC3 /* Assets.xcassets */ = {isa = PBXFileReference; lastKnownFileType = folder.assetcatalog; path = Assets.xcassets; sourceTree = "<group>"; };
		CEFBDEDA21500DE90073DDC3 /* Base */ = {isa = PBXFileReference; lastKnownFileType = file.storyboard; name = Base; path = Base.lproj/LaunchScreen.storyboard; sourceTree = "<group>"; };
		CEFBDEDC21500DE90073DDC3 /* Info.plist */ = {isa = PBXFileReference; lastKnownFileType = text.plist.xml; path = Info.plist; sourceTree = "<group>"; };
		CEFBDEE121500DE90073DDC3 /* HelloWorldTests.xctest */ = {isa = PBXFileReference; explicitFileType = wrapper.cfbundle; includeInIndex = 0; path = HelloWorldTests.xctest; sourceTree = BUILT_PRODUCTS_DIR; };
		CEFBDEE521500DE90073DDC3 /* HelloWorldTests.swift */ = {isa = PBXFileReference; lastKnownFileType = sourcecode.swift; path = HelloWorldTests.swift; sourceTree = "<group>"; };
		CEFBDEE721500DE90073DDC3 /* Info.plist */ = {isa = PBXFileReference; lastKnownFileType = text.plist.xml; path = Info.plist; sourceTree = "<group>"; };
		CEFBDEEC21500DE90073DDC3 /* HelloWorldUITests.xctest */ = {isa = PBXFileReference; explicitFileType = wrapper.cfbundle; includeInIndex = 0; path = HelloWorldUITests.xctest; sourceTree = BUILT_PRODUCTS_DIR; };
		CEFBDEF021500DE90073DDC3 /* HelloWorldUITests.swift */ = {isa = PBXFileReference; lastKnownFileType = sourcecode.swift; path = HelloWorldUITests.swift; sourceTree = "<group>"; };
		CEFBDEF221500DE90073DDC3 /* Info.plist */ = {isa = PBXFileReference; lastKnownFileType = text.plist.xml; path = Info.plist; sourceTree = "<group>"; };
/* End PBXFileReference section */

/* Begin PBXFrameworksBuildPhase section */
		CEFBDECA21500DE70073DDC3 /* Frameworks */ = {
			isa = PBXFrameworksBuildPhase;
			buildActionMask = 2147483647;
			files = (
			);
			runOnlyForDeploymentPostprocessing = 0;
		};
		CEFBDEDE21500DE90073DDC3 /* Frameworks */ = {
			isa = PBXFrameworksBuildPhase;
			buildActionMask = 2147483647;
			files = (
			);
			runOnlyForDeploymentPostprocessing = 0;
		};
		CEFBDEE921500DE90073DDC3 /* Frameworks */ = {
			isa = PBXFrameworksBuildPhase;
			buildActionMask = 2147483647;
			files = (
			);
			runOnlyForDeploymentPostprocessing = 0;
		};
/* End PBXFrameworksBuildPhase section */

/* Begin PBXGroup section */
		CEFBDEC421500DE70073DDC3 = {
			isa = PBXGroup;
			children = (
				CEFBDECF21500DE70073DDC3 /* HelloWorld */,
				CEFBDEE421500DE90073DDC3 /* HelloWorldTests */,
				CEFBDEEF21500DE90073DDC3 /* HelloWorldUITests */,
				CEFBDECE21500DE70073DDC3 /* Products */,
			);
			sourceTree = "<group>";
		};
		CEFBDECE21500DE70073DDC3 /* Products */ = {
			isa = PBXGroup;
			children = (
				CEFBDECD21500DE70073DDC3 /* HelloWorld.app */,
				CEFBDEE121500DE90073DDC3 /* HelloWorldTests.xctest */,
				CEFBDEEC21500DE90073DDC3 /* HelloWorldUITests.xctest */,
			);
			name = Products;
			sourceTree = "<group>";
		};
		CEFBDECF21500DE70073DDC3 /* HelloWorld */ = {
			isa = PBXGroup;
			children = (
				CEFBDED021500DE70073DDC3 /* AppDelegate.swift */,
				CEFBDED221500DE70073DDC3 /* ViewController.swift */,
				CEFBDED421500DE70073DDC3 /* Main.storyboard */,
				CEFBDED721500DE90073DDC3 /* Assets.xcassets */,
				CEFBDED921500DE90073DDC3 /* LaunchScreen.storyboard */,
				CEFBDEDC21500DE90073DDC3 /* Info.plist */,
			);
			path = HelloWorld;
			sourceTree = "<group>";
		};
		CEFBDEE421500DE90073DDC3 /* HelloWorldTests */ = {
			isa = PBXGroup;
			children = (
				CEFBDEE521500DE90073DDC3 /* HelloWorldTests.swift */,
				CEFBDEE721500DE90073DDC3 /* Info.plist */,
			);
			path = HelloWorldTests;
			sourceTree = "<group>";
		};
		CEFBDEEF21500DE90073DDC3 /* HelloWorldUITests */ = {
			isa = PBXGroup;
			children = (
				CEFBDEF021500DE90073DDC3 /* HelloWorldUITests.swift */,
				CEFBDEF221500DE90073DDC3 /* Info.plist */,
			);
			path = HelloWorldUITests;
			sourceTree = "<group>";
		};
/* End PBXGroup section */

/* Begin PBXNativeTarget section */
		CEFBDECC21500DE70073DDC3 /* HelloWorld */ = {
			isa = PBXNativeTarget;
			buildConfigurationList = CEFBDEF521500DE90073DDC3 /* Build configuration list for PBXNativeTarget "HelloWorld" */;
			buildPhases = (
				CEFBDEC921500DE70073DDC3 /* Sources */,
				CEFBDECA21500DE70073DDC3 /* Frameworks */,
				CEFBDECB21500DE70073DDC3 /* Resources */,
			);
			buildRules = (
			);
			dependencies = (
			);
			name = HelloWorld;
			productName = HelloWorld;
			productReference = CEFBDECD21500DE70073DDC3 /* HelloWorld.app */;
			productType = "com.apple.product-type.application";
		};
		CEFBDEE021500DE90073DDC3 /* HelloWorldTests */ = {
			isa = PBXNativeTarget;
			buildConfigurationList = CEFBDEF821500DE90073DDC3 /* Build configuration list for PBXNativeTarget "HelloWorldTests" */;
			buildPhases = (
				CEFBDEDD21500DE90073DDC3 /* Sources */,
				CEFBDEDE21500DE90073DDC3 /* Frameworks */,
				CEFBDEDF21500DE90073DDC3 /* Resources */,
			);
			buildRules = (
			);
			dependencies = (
				CEFBDEE321500DE90073DDC3 /* PBXTargetDependency */,
			);
			name = HelloWorldTests;
			productName = HelloWorldTests;
			productReference = CEFBDEE121500DE90073DDC3 /* HelloWorldTests.xctest */;
			productType = "com.apple.product-type.bundle.unit-test";
		};
		CEFBDEEB21500DE90073DDC3 /* HelloWorldUITests */ = {
			isa = PBXNativeTarget;
			buildConfigurationList = CEFBDEFB21500DE90073DDC3 /* Build configuration list for PBXNativeTarget "HelloWorldUITests" */;
			buildPhases = (
				CEFBDEE821500DE90073DDC3 /* Sources */,
				CEFBDEE921500DE90073DDC3 /* Frameworks */,
				CEFBDEEA21500DE90073DDC3 /* Resources */,
			);
			buildRules = (
			);
			dependencies = (
				CEFBDEEE21500DE90073DDC3 /* PBXTargetDependency */,
			);
			name = HelloWorldUITests;
			productName = HelloWorldUITests;
			productReference = CEFBDEEC21500DE90073DDC3 /* HelloWorldUITests.xctest */;
			productType = "com.apple.product-type.bundle.ui-testing";
		};
/* End PBXNativeTarget section */

/* Begin PBXProject section */
		CEFBDEC521500DE70073DDC3 /* Project object */ = {
			isa = PBXProject;
			attributes = {
				LastSwiftUpdateCheck = 0940;
				LastUpgradeCheck = 0940;
				ORGANIZATIONNAME = "GIOVANNI GARCIA";
				TargetAttributes = {
					CEFBDECC21500DE70073DDC3 = {
						CreatedOnToolsVersion = 9.4.1;
					};
					CEFBDEE021500DE90073DDC3 = {
						CreatedOnToolsVersion = 9.4.1;
						TestTargetID = CEFBDECC21500DE70073DDC3;
					};
					CEFBDEEB21500DE90073DDC3 = {
						CreatedOnToolsVersion = 9.4.1;
						TestTargetID = CEFBDECC21500DE70073DDC3;
					};
				};
			};
			buildConfigurationList = CEFBDEC821500DE70073DDC3 /* Build configuration list for PBXProject "HelloWorld" */;
			compatibilityVersion = "Xcode 9.3";
			developmentRegion = en;
			hasScannedForEncodings = 0;
			knownRegions = (
				en,
				Base,
			);
			mainGroup = CEFBDEC421500DE70073DDC3;
			productRefGroup = CEFBDECE21500DE70073DDC3 /* Products */;
			projectDirPath = "";
			projectRoot = "";
			targets = (
				CEFBDECC21500DE70073DDC3 /* HelloWorld */,
				CEFBDEE021500DE90073DDC3 /* HelloWorldTests */,
				CEFBDEEB21500DE90073DDC3 /* HelloWorldUITests */,
			);
		};
/* End PBXProject section */

/* Begin PBXResourcesBuildPhase section */
		CEFBDECB21500DE70073DDC3 /* Resources */ = {
			isa = PBXResourcesBuildPhase;
			buildActionMask = 2147483647;
			files = (
				CEFBDEDB21500DE90073DDC3 /* LaunchScreen.storyboard in Resources */,
				CEFBDED821500DE90073DDC3 /* Assets.xcassets in Resources */,
				CEFBDED621500DE70073DDC3 /* Main.storyboard in Resources */,
			);
			runOnlyForDeploymentPostprocessing = 0;
		};
		CEFBDEDF21500DE90073DDC3 /* Resources */ = {
			isa = PBXResourcesBuildPhase;
			buildActionMask = 2147483647;
			files = (
			);
			runOnlyForDeploymentPostprocessing = 0;
		};
		CEFBDEEA21500DE90073DDC3 /* Resources */ = {
			isa = PBXResourcesBuildPhase;
			buildActionMask = 2147483647;
			files = (
			);
			runOnlyForDeploymentPostprocessing = 0;
		};
/* End PBXResourcesBuildPhase section */

/* Begin PBXSourcesBuildPhase section */
		CEFBDEC921500DE70073DDC3 /* Sources */ = {
			isa = PBXSourcesBuildPhase;
			buildActionMask = 2147483647;
			files = (
				CEFBDED321500DE70073DDC3 /* ViewController.swift in Sources */,
				CEFBDED121500DE70073DDC3 /* AppDelegate.swift in Sources */,
			);
			runOnlyForDeploymentPostprocessing = 0;
		};
		CEFBDEDD21500DE90073DDC3 /* Sources */ = {
			isa = PBXSourcesBuildPhase;
			buildActionMask = 2147483647;
			files = (
				CEFBDEE621500DE90073DDC3 /* HelloWorldTests.swift in Sources */,
			);
			runOnlyForDeploymentPostprocessing = 0;
		};
		CEFBDEE821500DE90073DDC3 /* Sources */ = {
			isa = PBXSourcesBuildPhase;
			buildActionMask = 2147483647;
			files = (
				CEFBDEF121500DE90073DDC3 /* HelloWorldUITests.swift in Sources */,
			);
			runOnlyForDeploymentPostprocessing = 0;
		};
/* End PBXSourcesBuildPhase section */

/* Begin PBXTargetDependency section */
		CEFBDEE321500DE90073DDC3 /* PBXTargetDependency */ = {
			isa = PBXTargetDependency;
			target = CEFBDECC21500DE70073DDC3 /* HelloWorld */;
			targetProxy = CEFBDEE221500DE90073DDC3 /* PBXContainerItemProxy */;
		};
		CEFBDEEE21500DE90073DDC3 /* PBXTargetDependency */ = {
			isa = PBXTargetDependency;
			target = CEFBDECC21500DE70073DDC3 /* HelloWorld */;
			targetProxy = CEFBDEED21500DE90073DDC3 /* PBXContainerItemProxy */;
		};
/* End PBXTargetDependency section */

/* Begin PBXVariantGroup section */
		CEFBDED421500DE70073DDC3 /* Main.storyboard */ = {
			isa = PBXVariantGroup;
			children = (
				CEFBDED521500DE70073DDC3 /* Base */,
			);
			name = Main.storyboard;
			sourceTree = "<group>";
		};
		CEFBDED921500DE90073DDC3 /* LaunchScreen.storyboard */ = {
			isa = PBXVariantGroup;
			children = (
				CEFBDEDA21500DE90073DDC3 /* Base */,
			);
			name = LaunchScreen.storyboard;
			sourceTree = "<group>";
		};
/* End PBXVariantGroup section */

/* Begin XCBuildConfiguration section */
		CEFBDEF321500DE90073DDC3 /* Debug */ = {
			isa = XCBuildConfiguration;
			buildSettings = {
				ALWAYS_SEARCH_USER_PATHS = NO;
				CLANG_ANALYZER_NONNULL = YES;
				CLANG_ANALYZER_NUMBER_OBJECT_CONVERSION = YES_AGGRESSIVE;
				CLANG_CXX_LANGUAGE_STANDARD = "gnu++14";
				CLANG_CXX_LIBRARY = "libc++";
				CLANG_ENABLE_MODULES = YES;
				CLANG_ENABLE_OBJC_ARC = YES;
				CLANG_ENABLE_OBJC_WEAK = YES;
				CLANG_WARN_BLOCK_CAPTURE_AUTORELEASING = YES;
				CLANG_WARN_BOOL_CONVERSION = YES;
				CLANG_WARN_COMMA = YES;
				CLANG_WARN_CONSTANT_CONVERSION = YES;
				CLANG_WARN_DEPRECATED_OBJC_IMPLEMENTATIONS = YES;
				CLANG_WARN_DIRECT_OBJC_ISA_USAGE = YES_ERROR;
				CLANG_WARN_DOCUMENTATION_COMMENTS = YES;
				CLANG_WARN_EMPTY_BODY = YES;
				CLANG_WARN_ENUM_CONVERSION = YES;
				CLANG_WARN_INFINITE_RECURSION = YES;
				CLANG_WARN_INT_CONVERSION = YES;
				CLANG_WARN_NON_LITERAL_NULL_CONVERSION = YES;
				CLANG_WARN_OBJC_IMPLICIT_RETAIN_SELF = YES;
				CLANG_WARN_OBJC_LITERAL_CONVERSION = YES;
				CLANG_WARN_OBJC_ROOT_CLASS = YES_ERROR;
				CLANG_WARN_RANGE_LOOP_ANALYSIS = YES;
				CLANG_WARN_STRICT_PROTOTYPES = YES;
				CLANG_WARN_SUSPICIOUS_MOVE = YES;
				CLANG_WARN_UNGUARDED_AVAILABILITY = YES_AGGRESSIVE;
				CLANG_WARN_UNREACHABLE_CODE = YES;
				CLANG_WARN__DUPLICATE_METHOD_MATCH = YES;
				CODE_SIGN_IDENTITY = "iPhone Developer";
				COPY_PHASE_STRIP = NO;
				DEBUG_INFORMATION_FORMAT = dwarf;
				ENABLE_STRICT_OBJC_MSGSEND = YES;
				ENABLE_TESTABILITY = YES;
				GCC_C_LANGUAGE_STANDARD = gnu11;
				GCC_DYNAMIC_NO_PIC = NO;
				GCC_NO_COMMON_BLOCKS = YES;
				GCC_OPTIMIZATION_LEVEL = 0;
				GCC_PREPROCESSOR_DEFINITIONS = (
					"DEBUG=1",
					"$(inherited)",
				);
				GCC_WARN_64_TO_32_BIT_CONVERSION = YES;
				GCC_WARN_ABOUT_RETURN_TYPE = YES_ERROR;
				GCC_WARN_UNDECLARED_SELECTOR = YES;
				GCC_WARN_UNINITIALIZED_AUTOS = YES_AGGRESSIVE;
				GCC_WARN_UNUSED_FUNCTION = YES;
				GCC_WARN_UNUSED_VARIABLE = YES;
				IPHONEOS_DEPLOYMENT_TARGET = 11.4;
				MTL_ENABLE_DEBUG_INFO = YES;
				ONLY_ACTIVE_ARCH = YES;
				SDKROOT = iphoneos;
				SWIFT_ACTIVE_COMPILATION_CONDITIONS = DEBUG;
				SWIFT_OPTIMIZATION_LEVEL = "-Onone";
			};
			name = Debug;
		};
		CEFBDEF421500DE90073DDC3 /* Release */ = {
			isa = XCBuildConfiguration;
			buildSettings = {
				ALWAYS_SEARCH_USER_PATHS = NO;
				CLANG_ANALYZER_NONNULL = YES;
				CLANG_ANALYZER_NUMBER_OBJECT_CONVERSION = YES_AGGRESSIVE;
				CLANG_CXX_LANGUAGE_STANDARD = "gnu++14";
				CLANG_CXX_LIBRARY = "libc++";
				CLANG_ENABLE_MODULES = YES;
				CLANG_ENABLE_OBJC_ARC = YES;
				CLANG_ENABLE_OBJC_WEAK = YES;
				CLANG_WARN_BLOCK_CAPTURE_AUTORELEASING = YES;
				CLANG_WARN_BOOL_CONVERSION = YES;
				CLANG_WARN_COMMA = YES;
				CLANG_WARN_CONSTANT_CONVERSION = YES;
				CLANG_WARN_DEPRECATED_OBJC_IMPLEMENTATIONS = YES;
				CLANG_WARN_DIRECT_OBJC_ISA_USAGE = YES_ERROR;
				CLANG_WARN_DOCUMENTATION_COMMENTS = YES;
				CLANG_WARN_EMPTY_BODY = YES;
				CLANG_WARN_ENUM_CONVERSION = YES;
				CLANG_WARN_INFINITE_RECURSION = YES;
				CLANG_WARN_INT_CONVERSION = YES;
				CLANG_WARN_NON_LITERAL_NULL_CONVERSION = YES;
				CLANG_WARN_OBJC_IMPLICIT_RETAIN_SELF = YES;
				CLANG_WARN_OBJC_LITERAL_CONVERSION = YES;
				CLANG_WARN_OBJC_ROOT_CLASS = YES_ERROR;
				CLANG_WARN_RANGE_LOOP_ANALYSIS = YES;
				CLANG_WARN_STRICT_PROTOTYPES = YES;
				CLANG_WARN_SUSPICIOUS_MOVE = YES;
				CLANG_WARN_UNGUARDED_AVAILABILITY = YES_AGGRESSIVE;
				CLANG_WARN_UNREACHABLE_CODE = YES;
				CLANG_WARN__DUPLICATE_METHOD_MATCH = YES;
				CODE_SIGN_IDENTITY = "iPhone Developer";
				COPY_PHASE_STRIP = NO;
				DEBUG_INFORMATION_FORMAT = "dwarf-with-dsym";
				ENABLE_NS_ASSERTIONS = NO;
				ENABLE_STRICT_OBJC_MSGSEND = YES;
				GCC_C_LANGUAGE_STANDARD = gnu11;
				GCC_NO_COMMON_BLOCKS = YES;
				GCC_WARN_64_TO_32_BIT_CONVERSION = YES;
				GCC_WARN_ABOUT_RETURN_TYPE = YES_ERROR;
				GCC_WARN_UNDECLARED_SELECTOR = YES;
				GCC_WARN_UNINITIALIZED_AUTOS = YES_AGGRESSIVE;
				GCC_WARN_UNUSED_FUNCTION = YES;
				GCC_WARN_UNUSED_VARIABLE = YES;
				IPHONEOS_DEPLOYMENT_TARGET = 11.4;
				MTL_ENABLE_DEBUG_INFO = NO;
				SDKROOT = iphoneos;
				SWIFT_COMPILATION_MODE = wholemodule;
				SWIFT_OPTIMIZATION_LEVEL = "-O";
				VALIDATE_PRODUCT = YES;
			};
			name = Release;
		};
		CEFBDEF621500DE90073DDC3 /* Debug */ = {
			isa = XCBuildConfiguration;
			buildSettings = {
				ASSETCATALOG_COMPILER_APPICON_NAME = AppIcon;
				CODE_SIGN_STYLE = Automatic;
				INFOPLIST_FILE = HelloWorld/Info.plist;
				LD_RUNPATH_SEARCH_PATHS = (
					"$(inherited)",
					"@executable_path/Frameworks",
				);
				PRODUCT_BUNDLE_IDENTIFIER = work.HelloWorld;
				PRODUCT_NAME = "$(TARGET_NAME)";
				SWIFT_VERSION = 4.0;
				TARGETED_DEVICE_FAMILY = "1,2";
			};
			name = Debug;
		};
		CEFBDEF721500DE90073DDC3 /* Release */ = {
			isa = XCBuildConfiguration;
			buildSettings = {
				ASSETCATALOG_COMPILER_APPICON_NAME = AppIcon;
				CODE_SIGN_STYLE = Automatic;
				INFOPLIST_FILE = HelloWorld/Info.plist;
				LD_RUNPATH_SEARCH_PATHS = (
					"$(inherited)",
					"@executable_path/Frameworks",
				);
				PRODUCT_BUNDLE_IDENTIFIER = work.HelloWorld;
				PRODUCT_NAME = "$(TARGET_NAME)";
				SWIFT_VERSION = 4.0;
				TARGETED_DEVICE_FAMILY = "1,2";
			};
			name = Release;
		};
		CEFBDEF921500DE90073DDC3 /* Debug */ = {
			isa = XCBuildConfiguration;
			buildSettings = {
				ALWAYS_EMBED_SWIFT_STANDARD_LIBRARIES = YES;
				BUNDLE_LOADER = "$(TEST_HOST)";
				CODE_SIGN_STYLE = Automatic;
				INFOPLIST_FILE = HelloWorldTests/Info.plist;
				LD_RUNPATH_SEARCH_PATHS = (
					"$(inherited)",
					"@executable_path/Frameworks",
					"@loader_path/Frameworks",
				);
				PRODUCT_BUNDLE_IDENTIFIER = work.HelloWorldTests;
				PRODUCT_NAME = "$(TARGET_NAME)";
				SWIFT_VERSION = 4.0;
				TARGETED_DEVICE_FAMILY = "1,2";
				TEST_HOST = "$(BUILT_PRODUCTS_DIR)/HelloWorld.app/HelloWorld";
			};
			name = Debug;
		};
		CEFBDEFA21500DE90073DDC3 /* Release */ = {
			isa = XCBuildConfiguration;
			buildSettings = {
				ALWAYS_EMBED_SWIFT_STANDARD_LIBRARIES = YES;
				BUNDLE_LOADER = "$(TEST_HOST)";
				CODE_SIGN_STYLE = Automatic;
				INFOPLIST_FILE = HelloWorldTests/Info.plist;
				LD_RUNPATH_SEARCH_PATHS = (
					"$(inherited)",
					"@executable_path/Frameworks",
					"@loader_path/Frameworks",
				);
				PRODUCT_BUNDLE_IDENTIFIER = work.HelloWorldTests;
				PRODUCT_NAME = "$(TARGET_NAME)";
				SWIFT_VERSION = 4.0;
				TARGETED_DEVICE_FAMILY = "1,2";
				TEST_HOST = "$(BUILT_PRODUCTS_DIR)/HelloWorld.app/HelloWorld";
			};
			name = Release;
		};
		CEFBDEFC21500DE90073DDC3 /* Debug */ = {
			isa = XCBuildConfiguration;
			buildSettings = {
				ALWAYS_EMBED_SWIFT_STANDARD_LIBRARIES = YES;
				CODE_SIGN_STYLE = Automatic;
				INFOPLIST_FILE = HelloWorldUITests/Info.plist;
				LD_RUNPATH_SEARCH_PATHS = (
					"$(inherited)",
					"@executable_path/Frameworks",
					"@loader_path/Frameworks",
				);
				PRODUCT_BUNDLE_IDENTIFIER = work.HelloWorldUITests;
				PRODUCT_NAME = "$(TARGET_NAME)";
				SWIFT_VERSION = 4.0;
				TARGETED_DEVICE_FAMILY = "1,2";
				TEST_TARGET_NAME = HelloWorld;
			};
			name = Debug;
		};
		CEFBDEFD21500DE90073DDC3 /* Release */ = {
			isa = XCBuildConfiguration;
			buildSettings = {
				ALWAYS_EMBED_SWIFT_STANDARD_LIBRARIES = YES;
				CODE_SIGN_STYLE = Automatic;
				INFOPLIST_FILE = HelloWorldUITests/Info.plist;
				LD_RUNPATH_SEARCH_PATHS = (
					"$(inherited)",
					"@executable_path/Frameworks",
					"@loader_path/Frameworks",
				);
				PRODUCT_BUNDLE_IDENTIFIER = work.HelloWorldUITests;
				PRODUCT_NAME = "$(TARGET_NAME)";
				SWIFT_VERSION = 4.0;
				TARGETED_DEVICE_FAMILY = "1,2";
				TEST_TARGET_NAME = HelloWorld;
			};
			name = Release;
		};
/* End XCBuildConfiguration section */

/* Begin XCConfigurationList section */
		CEFBDEC821500DE70073DDC3 /* Build configuration list for PBXProject "HelloWorld" */ = {
			isa = XCConfigurationList;
			buildConfigurations = (
				CEFBDEF321500DE90073DDC3 /* Debug */,
				CEFBDEF421500DE90073DDC3 /* Release */,
			);
			defaultConfigurationIsVisible = 0;
			defaultConfigurationName = Release;
		};
		CEFBDEF521500DE90073DDC3 /* Build configuration list for PBXNativeTarget "HelloWorld" */ = {
			isa = XCConfigurationList;
			buildConfigurations = (
				CEFBDEF621500DE90073DDC3 /* Debug */,
				CEFBDEF721500DE90073DDC3 /* Release */,
			);
			defaultConfigurationIsVisible = 0;
			defaultConfigurationName = Release;
		};
		CEFBDEF821500DE90073DDC3 /* Build configuration list for PBXNativeTarget "HelloWorldTests" */ = {
			isa = XCConfigurationList;
			buildConfigurations = (
				CEFBDEF921500DE90073DDC3 /* Debug */,
				CEFBDEFA21500DE90073DDC3 /* Release */,
			);
			defaultConfigurationIsVisible = 0;
			defaultConfigurationName = Release;
		};
		CEFBDEFB21500DE90073DDC3 /* Build configuration list for PBXNativeTarget "HelloWorldUITests" */ = {
			isa = XCConfigurationList;
			buildConfigurations = (
				CEFBDEFC21500DE90073DDC3 /* Debug */,
				CEFBDEFD21500DE90073DDC3 /* Release */,
			);
			defaultConfigurationIsVisible = 0;
			defaultConfigurationName = Release;
		};
/* End XCConfigurationList section */
	};
	rootObject = CEFBDEC521500DE70073DDC3 /* Project object */;
}
